
Microsoft Visual Studio Solution File, Format Version 12.00
# Visual Studio Version 16
VisualStudioVersion = 16.0.32002.261
MinimumVisualStudioVersion = 10.0.40219.1
Project("{FAE04EC0-301F-11D3-BF4B-00C04F79EFBC}") = "Mixed", "Mixed\Mixed.csproj", "{FF495A57-F083-4490-9736-7477A35D6442}"
EndProject
Global
	GlobalSection(SolutionConfigurationPlatforms) = preSolution
		Debug|Any CPU = Debug|Any CPU
		Release|Any CPU = Release|Any CPU
	EndGlobalSection
	GlobalSection(ProjectConfigurationPlatforms) = postSolution
		{FF495A57-F083-4490-9736-7477A35D6442}.Debug|Any CPU.ActiveCfg = Debug|Any CPU
		{FF495A57-F083-4490-9736-7477A35D6442}.Debug|Any CPU.Build.0 = Debug|Any CPU
		{FF495A57-F083-4490-9736-7477A35D6442}.Release|Any CPU.ActiveCfg = Release|Any CPU
		{FF495A57-F083-4490-9736-7477A35D6442}.Release|Any CPU.Build.0 = Release|Any CPU
	EndGlobalSection
	GlobalSection(SolutionProperties) = preSolution
		HideSolutionNode = FALSE
	EndGlobalSection
	GlobalSection(ExtensibilityGlobals) = postSolution
		SolutionGuid = {2FBACF37-5696-4244-A705-D5892E3E123E}
	EndGlobalSection
EndGlobal
